
Microsoft Visual Studio Solution File, Format Version 12.00
# Visual Studio Version 17
VisualStudioVersion = 17.11.35312.102
MinimumVisualStudioVersion = 10.0.40219.1
Project("{FAE04EC0-301F-11D3-BF4B-00C04F79EFBC}") = "GameSetting020", "GameSetting020\GameSetting020.csproj", "{57DB5AE0-4FF7-4EC0-A1D6-7B4160AD2DE7}"
EndProject
Project("{8BC9CEB8-8B4A-11D0-8D11-00A0C91BC942}") = "GameSettings", "GameSettings\GameSettings.vcxproj", "{97ADF174-B0BE-407F-BEC0-2BF1F056692B}"
EndProject
Project("{8BC9CEB8-8B4A-11D0-8D11-00A0C91BC942}") = "GameSetting050", "GameSetting050\GameSetting050.vcxproj", "{EA0E48E8-E957-4D68-8B34-1591AF0CC111}"
EndProject
Global
	GlobalSection(SolutionConfigurationPlatforms) = preSolution
		Debug|Any CPU = Debug|Any CPU
		Debug|x64 = Debug|x64
		Release|Any CPU = Release|Any CPU
		Release|x64 = Release|x64
	EndGlobalSection
	GlobalSection(ProjectConfigurationPlatforms) = postSolution
		{57DB5AE0-4FF7-4EC0-A1D6-7B4160AD2DE7}.Debug|Any CPU.ActiveCfg = Debug|Any CPU
		{57DB5AE0-4FF7-4EC0-A1D6-7B4160AD2DE7}.Debug|Any CPU.Build.0 = Debug|Any CPU
		{57DB5AE0-4FF7-4EC0-A1D6-7B4160AD2DE7}.Debug|x64.ActiveCfg = Debug|Any CPU
		{57DB5AE0-4FF7-4EC0-A1D6-7B4160AD2DE7}.Debug|x64.Build.0 = Debug|Any CPU
		{57DB5AE0-4FF7-4EC0-A1D6-7B4160AD2DE7}.Release|Any CPU.ActiveCfg = Release|Any CPU
		{57DB5AE0-4FF7-4EC0-A1D6-7B4160AD2DE7}.Release|Any CPU.Build.0 = Release|Any CPU
		{57DB5AE0-4FF7-4EC0-A1D6-7B4160AD2DE7}.Release|x64.ActiveCfg = Release|Any CPU
		{57DB5AE0-4FF7-4EC0-A1D6-7B4160AD2DE7}.Release|x64.Build.0 = Release|Any CPU
		{97ADF174-B0BE-407F-BEC0-2BF1F056692B}.Debug|Any CPU.ActiveCfg = Debug|x64
		{97ADF174-B0BE-407F-BEC0-2BF1F056692B}.Debug|Any CPU.Build.0 = Debug|x64
		{97ADF174-B0BE-407F-BEC0-2BF1F056692B}.Debug|x64.ActiveCfg = Debug|x64
		{97ADF174-B0BE-407F-BEC0-2BF1F056692B}.Debug|x64.Build.0 = Debug|x64
		{97ADF174-B0BE-407F-BEC0-2BF1F056692B}.Release|Any CPU.ActiveCfg = Release|x64
		{97ADF174-B0BE-407F-BEC0-2BF1F056692B}.Release|Any CPU.Build.0 = Release|x64
		{97ADF174-B0BE-407F-BEC0-2BF1F056692B}.Release|x64.ActiveCfg = Release|x64
		{97ADF174-B0BE-407F-BEC0-2BF1F056692B}.Release|x64.Build.0 = Release|x64
		{EA0E48E8-E957-4D68-8B34-1591AF0CC111}.Debug|Any CPU.ActiveCfg = Debug|x64
		{EA0E48E8-E957-4D68-8B34-1591AF0CC111}.Debug|Any CPU.Build.0 = Debug|x64
		{EA0E48E8-E957-4D68-8B34-1591AF0CC111}.Debug|x64.ActiveCfg = Debug|x64
		{EA0E48E8-E957-4D68-8B34-1591AF0CC111}.Debug|x64.Build.0 = Debug|x64
		{EA0E48E8-E957-4D68-8B34-1591AF0CC111}.Release|Any CPU.ActiveCfg = Release|x64
		{EA0E48E8-E957-4D68-8B34-1591AF0CC111}.Release|Any CPU.Build.0 = Release|x64
		{EA0E48E8-E957-4D68-8B34-1591AF0CC111}.Release|x64.ActiveCfg = Release|x64
		{EA0E48E8-E957-4D68-8B34-1591AF0CC111}.Release|x64.Build.0 = Release|x64
	EndGlobalSection
	GlobalSection(SolutionProperties) = preSolution
		HideSolutionNode = FALSE
	EndGlobalSection
	GlobalSection(ExtensibilityGlobals) = postSolution
		SolutionGuid = {28160C15-B114-44BC-A539-FB7F42137D96}
	EndGlobalSection
EndGlobal
